{
  "name": "test",
  "version": "1.0.0",
  "lockfileVersion": 3,
  "requires": true,
  "packages": {
    "": {
      "name": "test",
      "version": "1.0.0",
      "license": "ISC",
      "dependencies": {
        "@netcentric/cm-notify": "file:.."
      }
    },
    "..": {
      "name": "@netcentric/cm-notify",
      "version": "1.0.1",
      "license": "Apache-2.0",
      "dependencies": {
        "@netcentric/cm-notify-core": "file:../cm-notify-core",
        "express": "^5.1.0",
        "express-session": "^1.18.1"
      },
      "bin": {
        "cm-notify": "cli/index.js"
      },
      "devDependencies": {
        "@ngrok/ngrok": "^1.5.0"
      }
    },
    "node_modules/@netcentric/cm-notify": {
      "resolved": "..",
      "link": true
    }
  }
}
